// !$*UTF8*$!
{
	archiveVersion = 1;
	classes = {
	};
	objectVersion = 56;
	objects = {

/* Begin PBXBuildFile section */
		A6F213002C8C021800E1D23B /* scrobbleApp.swift in Sources */ = {isa = PBXBuildFile; fileRef = A6F212FF2C8C021800E1D23B /* scrobbleApp.swift */; };
		A6F213022C8C021800E1D23B /* ContentView.swift in Sources */ = {isa = PBXBuildFile; fileRef = A6F213012C8C021800E1D23B /* ContentView.swift */; };
		A6F213042C8C021900E1D23B /* Assets.xcassets in Resources */ = {isa = PBXBuildFile; fileRef = A6F213032C8C021900E1D23B /* Assets.xcassets */; };
		A6F213072C8C021900E1D23B /* Preview Assets.xcassets in Resources */ = {isa = PBXBuildFile; fileRef = A6F213062C8C021900E1D23B /* Preview Assets.xcassets */; };
		A6F2130F2C8C027C00E1D23B /* Scrobbler.swift in Sources */ = {isa = PBXBuildFile; fileRef = A6F2130E2C8C027C00E1D23B /* Scrobbler.swift */; };
		A6F213112C8C037500E1D23B /* PreferencesView.swift in Sources */ = {isa = PBXBuildFile; fileRef = A6F213102C8C037500E1D23B /* PreferencesView.swift */; };
		A6F213132C8C038F00E1D23B /* LastFmManager.swift in Sources */ = {isa = PBXBuildFile; fileRef = A6F213122C8C038F00E1D23B /* LastFmManager.swift */; };
		A6F213192C8C076600E1D23B /* ScriptingBridge.framework in Frameworks */ = {isa = PBXBuildFile; fileRef = A6F213152C8C05E800E1D23B /* ScriptingBridge.framework */; };
		A6F2131C2C8C085900E1D23B /* Music.h in Sources */ = {isa = PBXBuildFile; fileRef = A6F213172C8C065100E1D23B /* Music.h */; };
		A6F2131E2C8C10AB00E1D23B /* PreferencesManager.swift in Sources */ = {isa = PBXBuildFile; fileRef = A6F2131D2C8C10AB00E1D23B /* PreferencesManager.swift */; };
/* End PBXBuildFile section */

/* Begin PBXFileReference section */
		A6F212FC2C8C021800E1D23B /* scrobble.app */ = {isa = PBXFileReference; explicitFileType = wrapper.application; includeInIndex = 0; path = scrobble.app; sourceTree = BUILT_PRODUCTS_DIR; };
		A6F212FF2C8C021800E1D23B /* scrobbleApp.swift */ = {isa = PBXFileReference; lastKnownFileType = sourcecode.swift; path = scrobbleApp.swift; sourceTree = "<group>"; };
		A6F213012C8C021800E1D23B /* ContentView.swift */ = {isa = PBXFileReference; lastKnownFileType = sourcecode.swift; path = ContentView.swift; sourceTree = "<group>"; };
		A6F213032C8C021900E1D23B /* Assets.xcassets */ = {isa = PBXFileReference; lastKnownFileType = folder.assetcatalog; path = Assets.xcassets; sourceTree = "<group>"; };
		A6F213062C8C021900E1D23B /* Preview Assets.xcassets */ = {isa = PBXFileReference; lastKnownFileType = folder.assetcatalog; path = "Preview Assets.xcassets"; sourceTree = "<group>"; };
		A6F213082C8C021900E1D23B /* scrobble.entitlements */ = {isa = PBXFileReference; lastKnownFileType = text.plist.entitlements; path = scrobble.entitlements; sourceTree = "<group>"; };
		A6F2130E2C8C027C00E1D23B /* Scrobbler.swift */ = {isa = PBXFileReference; lastKnownFileType = sourcecode.swift; path = Scrobbler.swift; sourceTree = "<group>"; };
		A6F213102C8C037500E1D23B /* PreferencesView.swift */ = {isa = PBXFileReference; lastKnownFileType = sourcecode.swift; path = PreferencesView.swift; sourceTree = "<group>"; };
		A6F213122C8C038F00E1D23B /* LastFmManager.swift */ = {isa = PBXFileReference; lastKnownFileType = sourcecode.swift; path = LastFmManager.swift; sourceTree = "<group>"; };
		A6F213152C8C05E800E1D23B /* ScriptingBridge.framework */ = {isa = PBXFileReference; lastKnownFileType = wrapper.framework; name = ScriptingBridge.framework; path = System/Library/Frameworks/ScriptingBridge.framework; sourceTree = SDKROOT; };
		A6F213172C8C065100E1D23B /* Music.h */ = {isa = PBXFileReference; fileEncoding = 4; lastKnownFileType = sourcecode.c.h; path = Music.h; sourceTree = "<group>"; };
		A6F213182C8C075F00E1D23B /* Info.plist */ = {isa = PBXFileReference; lastKnownFileType = text.plist; path = Info.plist; sourceTree = "<group>"; };
		A6F2131D2C8C10AB00E1D23B /* PreferencesManager.swift */ = {isa = PBXFileReference; lastKnownFileType = sourcecode.swift; path = PreferencesManager.swift; sourceTree = "<group>"; };
/* End PBXFileReference section */

/* Begin PBXFrameworksBuildPhase section */
		A6F212F92C8C021800E1D23B /* Frameworks */ = {
			isa = PBXFrameworksBuildPhase;
			buildActionMask = 2147483647;
			files = (
				A6F213192C8C076600E1D23B /* ScriptingBridge.framework in Frameworks */,
			);
			runOnlyForDeploymentPostprocessing = 0;
		};
/* End PBXFrameworksBuildPhase section */

/* Begin PBXGroup section */
		A6F212F32C8C021800E1D23B = {
			isa = PBXGroup;
			children = (
				A6F212FE2C8C021800E1D23B /* scrobble */,
				A6F212FD2C8C021800E1D23B /* Products */,
				A6F213142C8C05E800E1D23B /* Frameworks */,
			);
			sourceTree = "<group>";
		};
		A6F212FD2C8C021800E1D23B /* Products */ = {
			isa = PBXGroup;
			children = (
				A6F212FC2C8C021800E1D23B /* scrobble.app */,
			);
			name = Products;
			sourceTree = "<group>";
		};
		A6F212FE2C8C021800E1D23B /* scrobble */ = {
			isa = PBXGroup;
			children = (
				A6F213182C8C075F00E1D23B /* Info.plist */,
				A6F212FF2C8C021800E1D23B /* scrobbleApp.swift */,
				A6F213172C8C065100E1D23B /* Music.h */,
				A6F2130E2C8C027C00E1D23B /* Scrobbler.swift */,
				A6F213012C8C021800E1D23B /* ContentView.swift */,
				A6F213102C8C037500E1D23B /* PreferencesView.swift */,
				A6F2131D2C8C10AB00E1D23B /* PreferencesManager.swift */,
				A6F213122C8C038F00E1D23B /* LastFmManager.swift */,
				A6F213032C8C021900E1D23B /* Assets.xcassets */,
				A6F213082C8C021900E1D23B /* scrobble.entitlements */,
				A6F213052C8C021900E1D23B /* Preview Content */,
			);
			path = scrobble;
			sourceTree = "<group>";
		};
		A6F213052C8C021900E1D23B /* Preview Content */ = {
			isa = PBXGroup;
			children = (
				A6F213062C8C021900E1D23B /* Preview Assets.xcassets */,
			);
			path = "Preview Content";
			sourceTree = "<group>";
		};
		A6F213142C8C05E800E1D23B /* Frameworks */ = {
			isa = PBXGroup;
			children = (
				A6F213152C8C05E800E1D23B /* ScriptingBridge.framework */,
			);
			name = Frameworks;
			sourceTree = "<group>";
		};
/* End PBXGroup section */

/* Begin PBXNativeTarget section */
		A6F212FB2C8C021800E1D23B /* scrobble */ = {
			isa = PBXNativeTarget;
			buildConfigurationList = A6F2130B2C8C021900E1D23B /* Build configuration list for PBXNativeTarget "scrobble" */;
			buildPhases = (
				A6F212F82C8C021800E1D23B /* Sources */,
				A6F212F92C8C021800E1D23B /* Frameworks */,
				A6F212FA2C8C021800E1D23B /* Resources */,
			);
			buildRules = (
			);
			dependencies = (
			);
			name = scrobble;
			productName = scrobble;
			productReference = A6F212FC2C8C021800E1D23B /* scrobble.app */;
			productType = "com.apple.product-type.application";
		};
/* End PBXNativeTarget section */

/* Begin PBXProject section */
		A6F212F42C8C021800E1D23B /* Project object */ = {
			isa = PBXProject;
			attributes = {
				BuildIndependentTargetsInParallel = 1;
				LastSwiftUpdateCheck = 1540;
				LastUpgradeCheck = 1540;
				TargetAttributes = {
					A6F212FB2C8C021800E1D23B = {
						CreatedOnToolsVersion = 15.4;
					};
				};
			};
			buildConfigurationList = A6F212F72C8C021800E1D23B /* Build configuration list for PBXProject "scrobble" */;
			compatibilityVersion = "Xcode 14.0";
			developmentRegion = en;
			hasScannedForEncodings = 0;
			knownRegions = (
				en,
				Base,
			);
			mainGroup = A6F212F32C8C021800E1D23B;
			productRefGroup = A6F212FD2C8C021800E1D23B /* Products */;
			projectDirPath = "";
			projectRoot = "";
			targets = (
				A6F212FB2C8C021800E1D23B /* scrobble */,
			);
		};
/* End PBXProject section */

/* Begin PBXResourcesBuildPhase section */
		A6F212FA2C8C021800E1D23B /* Resources */ = {
			isa = PBXResourcesBuildPhase;
			buildActionMask = 2147483647;
			files = (
				A6F213072C8C021900E1D23B /* Preview Assets.xcassets in Resources */,
				A6F213042C8C021900E1D23B /* Assets.xcassets in Resources */,
			);
			runOnlyForDeploymentPostprocessing = 0;
		};
/* End PBXResourcesBuildPhase section */

/* Begin PBXSourcesBuildPhase section */
		A6F212F82C8C021800E1D23B /* Sources */ = {
			isa = PBXSourcesBuildPhase;
			buildActionMask = 2147483647;
			files = (
				A6F2131C2C8C085900E1D23B /* Music.h in Sources */,
				A6F213022C8C021800E1D23B /* ContentView.swift in Sources */,
				A6F213132C8C038F00E1D23B /* LastFmManager.swift in Sources */,
				A6F2131E2C8C10AB00E1D23B /* PreferencesManager.swift in Sources */,
				A6F213112C8C037500E1D23B /* PreferencesView.swift in Sources */,
				A6F2130F2C8C027C00E1D23B /* Scrobbler.swift in Sources */,
				A6F213002C8C021800E1D23B /* scrobbleApp.swift in Sources */,
			);
			runOnlyForDeploymentPostprocessing = 0;
		};
/* End PBXSourcesBuildPhase section */

/* Begin XCBuildConfiguration section */
		A6F213092C8C021900E1D23B /* Debug */ = {
			isa = XCBuildConfiguration;
			buildSettings = {
				ALWAYS_SEARCH_USER_PATHS = NO;
				ASSETCATALOG_COMPILER_GENERATE_SWIFT_ASSET_SYMBOL_EXTENSIONS = YES;
				CLANG_ANALYZER_NONNULL = YES;
				CLANG_ANALYZER_NUMBER_OBJECT_CONVERSION = YES_AGGRESSIVE;
				CLANG_CXX_LANGUAGE_STANDARD = "gnu++20";
				CLANG_ENABLE_MODULES = YES;
				CLANG_ENABLE_OBJC_ARC = YES;
				CLANG_ENABLE_OBJC_WEAK = YES;
				CLANG_WARN_BLOCK_CAPTURE_AUTORELEASING = YES;
				CLANG_WARN_BOOL_CONVERSION = YES;
				CLANG_WARN_COMMA = YES;
				CLANG_WARN_CONSTANT_CONVERSION = YES;
				CLANG_WARN_DEPRECATED_OBJC_IMPLEMENTATIONS = YES;
				CLANG_WARN_DIRECT_OBJC_ISA_USAGE = YES_ERROR;
				CLANG_WARN_DOCUMENTATION_COMMENTS = YES;
				CLANG_WARN_EMPTY_BODY = YES;
				CLANG_WARN_ENUM_CONVERSION = YES;
				CLANG_WARN_INFINITE_RECURSION = YES;
				CLANG_WARN_INT_CONVERSION = YES;
				CLANG_WARN_NON_LITERAL_NULL_CONVERSION = YES;
				CLANG_WARN_OBJC_IMPLICIT_RETAIN_SELF = YES;
				CLANG_WARN_OBJC_LITERAL_CONVERSION = YES;
				CLANG_WARN_OBJC_ROOT_CLASS = YES_ERROR;
				CLANG_WARN_QUOTED_INCLUDE_IN_FRAMEWORK_HEADER = YES;
				CLANG_WARN_RANGE_LOOP_ANALYSIS = YES;
				CLANG_WARN_STRICT_PROTOTYPES = YES;
				CLANG_WARN_SUSPICIOUS_MOVE = YES;
				CLANG_WARN_UNGUARDED_AVAILABILITY = YES_AGGRESSIVE;
				CLANG_WARN_UNREACHABLE_CODE = YES;
				CLANG_WARN__DUPLICATE_METHOD_MATCH = YES;
				COPY_PHASE_STRIP = NO;
				DEBUG_INFORMATION_FORMAT = dwarf;
				ENABLE_STRICT_OBJC_MSGSEND = YES;
				ENABLE_TESTABILITY = YES;
				ENABLE_USER_SCRIPT_SANDBOXING = YES;
				GCC_C_LANGUAGE_STANDARD = gnu17;
				GCC_DYNAMIC_NO_PIC = NO;
				GCC_NO_COMMON_BLOCKS = YES;
				GCC_OPTIMIZATION_LEVEL = 0;
				GCC_PREPROCESSOR_DEFINITIONS = (
					"DEBUG=1",
					"$(inherited)",
				);
				GCC_WARN_64_TO_32_BIT_CONVERSION = YES;
				GCC_WARN_ABOUT_RETURN_TYPE = YES_ERROR;
				GCC_WARN_UNDECLARED_SELECTOR = YES;
				GCC_WARN_UNINITIALIZED_AUTOS = YES_AGGRESSIVE;
				GCC_WARN_UNUSED_FUNCTION = YES;
				GCC_WARN_UNUSED_VARIABLE = YES;
				LOCALIZATION_PREFERS_STRING_CATALOGS = YES;
				MACOSX_DEPLOYMENT_TARGET = 14.5;
				MTL_ENABLE_DEBUG_INFO = INCLUDE_SOURCE;
				MTL_FAST_MATH = YES;
				ONLY_ACTIVE_ARCH = YES;
				SDKROOT = macosx;
				SWIFT_ACTIVE_COMPILATION_CONDITIONS = "DEBUG $(inherited)";
				SWIFT_OPTIMIZATION_LEVEL = "-Onone";
			};
			name = Debug;
		};
		A6F2130A2C8C021900E1D23B /* Release */ = {
			isa = XCBuildConfiguration;
			buildSettings = {
				ALWAYS_SEARCH_USER_PATHS = NO;
				ASSETCATALOG_COMPILER_GENERATE_SWIFT_ASSET_SYMBOL_EXTENSIONS = YES;
				CLANG_ANALYZER_NONNULL = YES;
				CLANG_ANALYZER_NUMBER_OBJECT_CONVERSION = YES_AGGRESSIVE;
				CLANG_CXX_LANGUAGE_STANDARD = "gnu++20";
				CLANG_ENABLE_MODULES = YES;
				CLANG_ENABLE_OBJC_ARC = YES;
				CLANG_ENABLE_OBJC_WEAK = YES;
				CLANG_WARN_BLOCK_CAPTURE_AUTORELEASING = YES;
				CLANG_WARN_BOOL_CONVERSION = YES;
				CLANG_WARN_COMMA = YES;
				CLANG_WARN_CONSTANT_CONVERSION = YES;
				CLANG_WARN_DEPRECATED_OBJC_IMPLEMENTATIONS = YES;
				CLANG_WARN_DIRECT_OBJC_ISA_USAGE = YES_ERROR;
				CLANG_WARN_DOCUMENTATION_COMMENTS = YES;
				CLANG_WARN_EMPTY_BODY = YES;
				CLANG_WARN_ENUM_CONVERSION = YES;
				CLANG_WARN_INFINITE_RECURSION = YES;
				CLANG_WARN_INT_CONVERSION = YES;
				CLANG_WARN_NON_LITERAL_NULL_CONVERSION = YES;
				CLANG_WARN_OBJC_IMPLICIT_RETAIN_SELF = YES;
				CLANG_WARN_OBJC_LITERAL_CONVERSION = YES;
				CLANG_WARN_OBJC_ROOT_CLASS = YES_ERROR;
				CLANG_WARN_QUOTED_INCLUDE_IN_FRAMEWORK_HEADER = YES;
				CLANG_WARN_RANGE_LOOP_ANALYSIS = YES;
				CLANG_WARN_STRICT_PROTOTYPES = YES;
				CLANG_WARN_SUSPICIOUS_MOVE = YES;
				CLANG_WARN_UNGUARDED_AVAILABILITY = YES_AGGRESSIVE;
				CLANG_WARN_UNREACHABLE_CODE = YES;
				CLANG_WARN__DUPLICATE_METHOD_MATCH = YES;
				COPY_PHASE_STRIP = NO;
				DEBUG_INFORMATION_FORMAT = "dwarf-with-dsym";
				ENABLE_NS_ASSERTIONS = NO;
				ENABLE_STRICT_OBJC_MSGSEND = YES;
				ENABLE_USER_SCRIPT_SANDBOXING = YES;
				GCC_C_LANGUAGE_STANDARD = gnu17;
				GCC_NO_COMMON_BLOCKS = YES;
				GCC_WARN_64_TO_32_BIT_CONVERSION = YES;
				GCC_WARN_ABOUT_RETURN_TYPE = YES_ERROR;
				GCC_WARN_UNDECLARED_SELECTOR = YES;
				GCC_WARN_UNINITIALIZED_AUTOS = YES_AGGRESSIVE;
				GCC_WARN_UNUSED_FUNCTION = YES;
				GCC_WARN_UNUSED_VARIABLE = YES;
				LOCALIZATION_PREFERS_STRING_CATALOGS = YES;
				MACOSX_DEPLOYMENT_TARGET = 14.5;
				MTL_ENABLE_DEBUG_INFO = NO;
				MTL_FAST_MATH = YES;
				SDKROOT = macosx;
				SWIFT_COMPILATION_MODE = wholemodule;
			};
			name = Release;
		};
		A6F2130C2C8C021900E1D23B /* Debug */ = {
			isa = XCBuildConfiguration;
			buildSettings = {
				ASSETCATALOG_COMPILER_APPICON_NAME = AppIcon;
				ASSETCATALOG_COMPILER_GLOBAL_ACCENT_COLOR_NAME = AccentColor;
				CODE_SIGN_ENTITLEMENTS = scrobble/scrobble.entitlements;
				CODE_SIGN_STYLE = Automatic;
				COMBINE_HIDPI_IMAGES = YES;
				CURRENT_PROJECT_VERSION = 1;
				DEVELOPMENT_ASSET_PATHS = "\"scrobble/Preview Content\"";
				DEVELOPMENT_TEAM = 94XUGF9CU7;
				ENABLE_HARDENED_RUNTIME = YES;
				ENABLE_PREVIEWS = YES;
				GENERATE_INFOPLIST_FILE = YES;
				INFOPLIST_FILE = scrobble/Info.plist;
				INFOPLIST_KEY_CFBundleDisplayName = scrobble;
				INFOPLIST_KEY_NSHumanReadableCopyright = "";
				LD_RUNPATH_SEARCH_PATHS = (
					"$(inherited)",
					"@executable_path/../Frameworks",
				);
				MARKETING_VERSION = 1.0;
				PRODUCT_BUNDLE_IDENTIFIER = computerdata.scrobble;
				PRODUCT_NAME = "$(TARGET_NAME)";
				SWIFT_EMIT_LOC_STRINGS = YES;
				SWIFT_VERSION = 5.0;
			};
			name = Debug;
		};
		A6F2130D2C8C021900E1D23B /* Release */ = {
			isa = XCBuildConfiguration;
			buildSettings = {
				ASSETCATALOG_COMPILER_APPICON_NAME = AppIcon;
				ASSETCATALOG_COMPILER_GLOBAL_ACCENT_COLOR_NAME = AccentColor;
				CODE_SIGN_ENTITLEMENTS = scrobble/scrobble.entitlements;
				CODE_SIGN_STYLE = Automatic;
				COMBINE_HIDPI_IMAGES = YES;
				CURRENT_PROJECT_VERSION = 1;
				DEVELOPMENT_ASSET_PATHS = "\"scrobble/Preview Content\"";
				DEVELOPMENT_TEAM = 94XUGF9CU7;
				ENABLE_HARDENED_RUNTIME = YES;
				ENABLE_PREVIEWS = YES;
				GENERATE_INFOPLIST_FILE = YES;
				INFOPLIST_FILE = scrobble/Info.plist;
				INFOPLIST_KEY_CFBundleDisplayName = scrobble;
				INFOPLIST_KEY_NSHumanReadableCopyright = "";
				LD_RUNPATH_SEARCH_PATHS = (
					"$(inherited)",
					"@executable_path/../Frameworks",
				);
				MARKETING_VERSION = 1.0;
				PRODUCT_BUNDLE_IDENTIFIER = computerdata.scrobble;
				PRODUCT_NAME = "$(TARGET_NAME)";
				SWIFT_EMIT_LOC_STRINGS = YES;
				SWIFT_VERSION = 5.0;
			};
			name = Release;
		};
/* End XCBuildConfiguration section */

/* Begin XCConfigurationList section */
		A6F212F72C8C021800E1D23B /* Build configuration list for PBXProject "scrobble" */ = {
			isa = XCConfigurationList;
			buildConfigurations = (
				A6F213092C8C021900E1D23B /* Debug */,
				A6F2130A2C8C021900E1D23B /* Release */,
			);
			defaultConfigurationIsVisible = 0;
			defaultConfigurationName = Release;
		};
		A6F2130B2C8C021900E1D23B /* Build configuration list for PBXNativeTarget "scrobble" */ = {
			isa = XCConfigurationList;
			buildConfigurations = (
				A6F2130C2C8C021900E1D23B /* Debug */,
				A6F2130D2C8C021900E1D23B /* Release */,
			);
			defaultConfigurationIsVisible = 0;
			defaultConfigurationName = Release;
		};
/* End XCConfigurationList section */
	};
	rootObject = A6F212F42C8C021800E1D23B /* Project object */;
}
