{
  "originHash" : "1cb03fab4170f1d707d181fd65aaa57f652bdaf313cca5fcd10a21083443eea0",
  "pins" : [
    {
      "identity" : "mediaremote-adapter",
      "kind" : "remoteSourceControl",
      "location" : "https://github.com/bretth18/mediaremote-adapter.git",
      "state" : {
        "revision" : "dfb12213061c0ab08f5c85e2acbb8cb6ea97ee91"
      }
    }
  ],
  "version" : 3
}
